
Microsoft Visual Studio Solution File, Format Version 12.00
# Visual Studio Version 17
VisualStudioVersion = 17.0.31903.59
MinimumVisualStudioVersion = 10.0.40219.1
Project("{2150E333-8FDC-42A3-9474-1A3956D46DE8}") = "src", "src", "{827E0CD3-B72D-47B6-A68D-7590B98EB39B}"
EndProject
Project("{FAE04EC0-301F-11D3-BF4B-00C04F79EFBC}") = "FFXIV.RiichiAssistant.Core", "src\FFXIV.RiichiAssistant.Core\FFXIV.RiichiAssistant.Core.csproj", "{27F353C5-03DE-46A9-A3D6-6F715B8F0E56}"
EndProject
Project("{FAE04EC0-301F-11D3-BF4B-00C04F79EFBC}") = "FFXIV.RiichiAssistant.Riichi", "src\FFXIV.RiichiAssistant.Riichi\FFXIV.RiichiAssistant.Riichi.csproj", "{8ABFA312-091A-41E2-9D9F-1951E19CD696}"
EndProject
Project("{FAE04EC0-301F-11D3-BF4B-00C04F79EFBC}") = "FFXIV.RiichiAssistant.Decision", "src\FFXIV.RiichiAssistant.Decision\FFXIV.RiichiAssistant.Decision.csproj", "{D0ECE62E-52F3-41A2-9774-62E0501C2BEA}"
EndProject
Project("{FAE04EC0-301F-11D3-BF4B-00C04F79EFBC}") = "FFXIV.RiichiAssistant.Plugin", "src\FFXIV.RiichiAssistant.Plugin\FFXIV.RiichiAssistant.Plugin.csproj", "{5D7BFA3D-AE48-442B-87D9-FDFD7589DA1C}"
EndProject
Project("{FAE04EC0-301F-11D3-BF4B-00C04F79EFBC}") = "FFXIV.RiichiAssistant.Riichi.Tests", "tests\FFXIV.RiichiAssistant.Riichi.Tests\FFXIV.RiichiAssistant.Riichi.Tests.csproj", "{B904BE23-6FE0-4003-BAB1-86523571656A}"
EndProject
Project("{FAE04EC0-301F-11D3-BF4B-00C04F79EFBC}") = "FFXIV.RiichiAssistant.Decision.Tests", "tests\FFXIV.RiichiAssistant.Decision.Tests\FFXIV.RiichiAssistant.Decision.Tests.csproj", "{04FC4EAE-8B42-4F59-BC6E-4BDD0FD58852}"
EndProject
Project("{FAE04EC0-301F-11D3-BF4B-00C04F79EFBC}") = "FFXIV.RiichiAssistant.Policy.Abstractions", "src\FFXIV.RiichiAssistant.Policy.Abstractions\FFXIV.RiichiAssistant.Policy.Abstractions.csproj", "{F0B160EF-5CC7-477C-A115-F386667FD579}"
EndProject
Project("{FAE04EC0-301F-11D3-BF4B-00C04F79EFBC}") = "FFXIV.RiichiAssistant.Plugin.Game", "src\FFXIV.RiichiAssistant.Plugin.Game\FFXIV.RiichiAssistant.Plugin.Game.csproj", "{28C23CAB-F20D-4041-8465-37C08E04EF42}"
EndProject
Project("{FAE04EC0-301F-11D3-BF4B-00C04F79EFBC}") = "FFXIV.RiichiAssistant.Policy", "src\FFXIV.RiichiAssistant.Policy\FFXIV.RiichiAssistant.Policy.csproj", "{53797308-9AA9-4E77-AAB2-4BC07AEE9E52}"
EndProject
Project("{FAE04EC0-301F-11D3-BF4B-00C04F79EFBC}") = "FFXIV.RiichiAssistant.Policy.Tests", "tests\FFXIV.RiichiAssistant.Policy.Tests\FFXIV.RiichiAssistant.Policy.Tests.csproj", "{6ED21BA2-6D94-4CA4-94AE-E365193D7BD6}"
EndProject
Global
	GlobalSection(SolutionConfigurationPlatforms) = preSolution
		Debug|Any CPU = Debug|Any CPU
		Debug|x64 = Debug|x64
		Debug|x86 = Debug|x86
		Release|Any CPU = Release|Any CPU
		Release|x64 = Release|x64
		Release|x86 = Release|x86
	EndGlobalSection
	GlobalSection(ProjectConfigurationPlatforms) = postSolution
		{27F353C5-03DE-46A9-A3D6-6F715B8F0E56}.Debug|Any CPU.ActiveCfg = Debug|Any CPU
		{27F353C5-03DE-46A9-A3D6-6F715B8F0E56}.Debug|Any CPU.Build.0 = Debug|Any CPU
		{27F353C5-03DE-46A9-A3D6-6F715B8F0E56}.Debug|x64.ActiveCfg = Debug|Any CPU
		{27F353C5-03DE-46A9-A3D6-6F715B8F0E56}.Debug|x64.Build.0 = Debug|Any CPU
		{27F353C5-03DE-46A9-A3D6-6F715B8F0E56}.Debug|x86.ActiveCfg = Debug|Any CPU
		{27F353C5-03DE-46A9-A3D6-6F715B8F0E56}.Debug|x86.Build.0 = Debug|Any CPU
		{27F353C5-03DE-46A9-A3D6-6F715B8F0E56}.Release|Any CPU.ActiveCfg = Release|Any CPU
		{27F353C5-03DE-46A9-A3D6-6F715B8F0E56}.Release|Any CPU.Build.0 = Release|Any CPU
		{27F353C5-03DE-46A9-A3D6-6F715B8F0E56}.Release|x64.ActiveCfg = Release|Any CPU
		{27F353C5-03DE-46A9-A3D6-6F715B8F0E56}.Release|x64.Build.0 = Release|Any CPU
		{27F353C5-03DE-46A9-A3D6-6F715B8F0E56}.Release|x86.ActiveCfg = Release|Any CPU
		{27F353C5-03DE-46A9-A3D6-6F715B8F0E56}.Release|x86.Build.0 = Release|Any CPU
		{8ABFA312-091A-41E2-9D9F-1951E19CD696}.Debug|Any CPU.ActiveCfg = Debug|Any CPU
		{8ABFA312-091A-41E2-9D9F-1951E19CD696}.Debug|Any CPU.Build.0 = Debug|Any CPU
		{8ABFA312-091A-41E2-9D9F-1951E19CD696}.Debug|x64.ActiveCfg = Debug|Any CPU
		{8ABFA312-091A-41E2-9D9F-1951E19CD696}.Debug|x64.Build.0 = Debug|Any CPU
		{8ABFA312-091A-41E2-9D9F-1951E19CD696}.Debug|x86.ActiveCfg = Debug|Any CPU
		{8ABFA312-091A-41E2-9D9F-1951E19CD696}.Debug|x86.Build.0 = Debug|Any CPU
		{8ABFA312-091A-41E2-9D9F-1951E19CD696}.Release|Any CPU.ActiveCfg = Release|Any CPU
		{8ABFA312-091A-41E2-9D9F-1951E19CD696}.Release|Any CPU.Build.0 = Release|Any CPU
		{8ABFA312-091A-41E2-9D9F-1951E19CD696}.Release|x64.ActiveCfg = Release|Any CPU
		{8ABFA312-091A-41E2-9D9F-1951E19CD696}.Release|x64.Build.0 = Release|Any CPU
		{8ABFA312-091A-41E2-9D9F-1951E19CD696}.Release|x86.ActiveCfg = Release|Any CPU
		{8ABFA312-091A-41E2-9D9F-1951E19CD696}.Release|x86.Build.0 = Release|Any CPU
		{D0ECE62E-52F3-41A2-9774-62E0501C2BEA}.Debug|Any CPU.ActiveCfg = Debug|Any CPU
		{D0ECE62E-52F3-41A2-9774-62E0501C2BEA}.Debug|Any CPU.Build.0 = Debug|Any CPU
		{D0ECE62E-52F3-41A2-9774-62E0501C2BEA}.Debug|x64.ActiveCfg = Debug|Any CPU
		{D0ECE62E-52F3-41A2-9774-62E0501C2BEA}.Debug|x64.Build.0 = Debug|Any CPU
		{D0ECE62E-52F3-41A2-9774-62E0501C2BEA}.Debug|x86.ActiveCfg = Debug|Any CPU
		{D0ECE62E-52F3-41A2-9774-62E0501C2BEA}.Debug|x86.Build.0 = Debug|Any CPU
		{D0ECE62E-52F3-41A2-9774-62E0501C2BEA}.Release|Any CPU.ActiveCfg = Release|Any CPU
		{D0ECE62E-52F3-41A2-9774-62E0501C2BEA}.Release|Any CPU.Build.0 = Release|Any CPU
		{D0ECE62E-52F3-41A2-9774-62E0501C2BEA}.Release|x64.ActiveCfg = Release|Any CPU
		{D0ECE62E-52F3-41A2-9774-62E0501C2BEA}.Release|x64.Build.0 = Release|Any CPU
		{D0ECE62E-52F3-41A2-9774-62E0501C2BEA}.Release|x86.ActiveCfg = Release|Any CPU
		{D0ECE62E-52F3-41A2-9774-62E0501C2BEA}.Release|x86.Build.0 = Release|Any CPU
		{5D7BFA3D-AE48-442B-87D9-FDFD7589DA1C}.Debug|Any CPU.ActiveCfg = Debug|Any CPU
		{5D7BFA3D-AE48-442B-87D9-FDFD7589DA1C}.Debug|Any CPU.Build.0 = Debug|Any CPU
		{5D7BFA3D-AE48-442B-87D9-FDFD7589DA1C}.Debug|x64.ActiveCfg = Debug|Any CPU
		{5D7BFA3D-AE48-442B-87D9-FDFD7589DA1C}.Debug|x64.Build.0 = Debug|Any CPU
		{5D7BFA3D-AE48-442B-87D9-FDFD7589DA1C}.Debug|x86.ActiveCfg = Debug|Any CPU
		{5D7BFA3D-AE48-442B-87D9-FDFD7589DA1C}.Debug|x86.Build.0 = Debug|Any CPU
		{5D7BFA3D-AE48-442B-87D9-FDFD7589DA1C}.Release|Any CPU.ActiveCfg = Release|Any CPU
		{5D7BFA3D-AE48-442B-87D9-FDFD7589DA1C}.Release|Any CPU.Build.0 = Release|Any CPU
		{5D7BFA3D-AE48-442B-87D9-FDFD7589DA1C}.Release|x64.ActiveCfg = Release|Any CPU
		{5D7BFA3D-AE48-442B-87D9-FDFD7589DA1C}.Release|x64.Build.0 = Release|Any CPU
		{5D7BFA3D-AE48-442B-87D9-FDFD7589DA1C}.Release|x86.ActiveCfg = Release|Any CPU
		{5D7BFA3D-AE48-442B-87D9-FDFD7589DA1C}.Release|x86.Build.0 = Release|Any CPU
		{B904BE23-6FE0-4003-BAB1-86523571656A}.Debug|Any CPU.ActiveCfg = Debug|Any CPU
		{B904BE23-6FE0-4003-BAB1-86523571656A}.Debug|Any CPU.Build.0 = Debug|Any CPU
		{B904BE23-6FE0-4003-BAB1-86523571656A}.Debug|x64.ActiveCfg = Debug|Any CPU
		{B904BE23-6FE0-4003-BAB1-86523571656A}.Debug|x64.Build.0 = Debug|Any CPU
		{B904BE23-6FE0-4003-BAB1-86523571656A}.Debug|x86.ActiveCfg = Debug|Any CPU
		{B904BE23-6FE0-4003-BAB1-86523571656A}.Debug|x86.Build.0 = Debug|Any CPU
		{B904BE23-6FE0-4003-BAB1-86523571656A}.Release|Any CPU.ActiveCfg = Release|Any CPU
		{B904BE23-6FE0-4003-BAB1-86523571656A}.Release|Any CPU.Build.0 = Release|Any CPU
		{B904BE23-6FE0-4003-BAB1-86523571656A}.Release|x64.ActiveCfg = Release|Any CPU
		{B904BE23-6FE0-4003-BAB1-86523571656A}.Release|x64.Build.0 = Release|Any CPU
		{B904BE23-6FE0-4003-BAB1-86523571656A}.Release|x86.ActiveCfg = Release|Any CPU
		{B904BE23-6FE0-4003-BAB1-86523571656A}.Release|x86.Build.0 = Release|Any CPU
		{04FC4EAE-8B42-4F59-BC6E-4BDD0FD58852}.Debug|Any CPU.ActiveCfg = Debug|Any CPU
		{04FC4EAE-8B42-4F59-BC6E-4BDD0FD58852}.Debug|Any CPU.Build.0 = Debug|Any CPU
		{04FC4EAE-8B42-4F59-BC6E-4BDD0FD58852}.Debug|x64.ActiveCfg = Debug|Any CPU
		{04FC4EAE-8B42-4F59-BC6E-4BDD0FD58852}.Debug|x64.Build.0 = Debug|Any CPU
		{04FC4EAE-8B42-4F59-BC6E-4BDD0FD58852}.Debug|x86.ActiveCfg = Debug|Any CPU
		{04FC4EAE-8B42-4F59-BC6E-4BDD0FD58852}.Debug|x86.Build.0 = Debug|Any CPU
		{04FC4EAE-8B42-4F59-BC6E-4BDD0FD58852}.Release|Any CPU.ActiveCfg = Release|Any CPU
		{04FC4EAE-8B42-4F59-BC6E-4BDD0FD58852}.Release|Any CPU.Build.0 = Release|Any CPU
		{04FC4EAE-8B42-4F59-BC6E-4BDD0FD58852}.Release|x64.ActiveCfg = Release|Any CPU
		{04FC4EAE-8B42-4F59-BC6E-4BDD0FD58852}.Release|x64.Build.0 = Release|Any CPU
		{04FC4EAE-8B42-4F59-BC6E-4BDD0FD58852}.Release|x86.ActiveCfg = Release|Any CPU
		{04FC4EAE-8B42-4F59-BC6E-4BDD0FD58852}.Release|x86.Build.0 = Release|Any CPU
		{F0B160EF-5CC7-477C-A115-F386667FD579}.Debug|Any CPU.ActiveCfg = Debug|Any CPU
		{F0B160EF-5CC7-477C-A115-F386667FD579}.Debug|Any CPU.Build.0 = Debug|Any CPU
		{F0B160EF-5CC7-477C-A115-F386667FD579}.Debug|x64.ActiveCfg = Debug|Any CPU
		{F0B160EF-5CC7-477C-A115-F386667FD579}.Debug|x64.Build.0 = Debug|Any CPU
		{F0B160EF-5CC7-477C-A115-F386667FD579}.Debug|x86.ActiveCfg = Debug|Any CPU
		{F0B160EF-5CC7-477C-A115-F386667FD579}.Debug|x86.Build.0 = Debug|Any CPU
		{F0B160EF-5CC7-477C-A115-F386667FD579}.Release|Any CPU.ActiveCfg = Release|Any CPU
		{F0B160EF-5CC7-477C-A115-F386667FD579}.Release|Any CPU.Build.0 = Release|Any CPU
		{F0B160EF-5CC7-477C-A115-F386667FD579}.Release|x64.ActiveCfg = Release|Any CPU
		{F0B160EF-5CC7-477C-A115-F386667FD579}.Release|x64.Build.0 = Release|Any CPU
		{F0B160EF-5CC7-477C-A115-F386667FD579}.Release|x86.ActiveCfg = Release|Any CPU
		{F0B160EF-5CC7-477C-A115-F386667FD579}.Release|x86.Build.0 = Release|Any CPU
		{28C23CAB-F20D-4041-8465-37C08E04EF42}.Debug|Any CPU.ActiveCfg = Debug|Any CPU
		{28C23CAB-F20D-4041-8465-37C08E04EF42}.Debug|Any CPU.Build.0 = Debug|Any CPU
		{28C23CAB-F20D-4041-8465-37C08E04EF42}.Debug|x64.ActiveCfg = Debug|Any CPU
		{28C23CAB-F20D-4041-8465-37C08E04EF42}.Debug|x64.Build.0 = Debug|Any CPU
		{28C23CAB-F20D-4041-8465-37C08E04EF42}.Debug|x86.ActiveCfg = Debug|Any CPU
		{28C23CAB-F20D-4041-8465-37C08E04EF42}.Debug|x86.Build.0 = Debug|Any CPU
		{28C23CAB-F20D-4041-8465-37C08E04EF42}.Release|Any CPU.ActiveCfg = Release|Any CPU
		{28C23CAB-F20D-4041-8465-37C08E04EF42}.Release|Any CPU.Build.0 = Release|Any CPU
		{28C23CAB-F20D-4041-8465-37C08E04EF42}.Release|x64.ActiveCfg = Release|Any CPU
		{28C23CAB-F20D-4041-8465-37C08E04EF42}.Release|x64.Build.0 = Release|Any CPU
		{28C23CAB-F20D-4041-8465-37C08E04EF42}.Release|x86.ActiveCfg = Release|Any CPU
		{28C23CAB-F20D-4041-8465-37C08E04EF42}.Release|x86.Build.0 = Release|Any CPU
		{53797308-9AA9-4E77-AAB2-4BC07AEE9E52}.Debug|Any CPU.ActiveCfg = Debug|Any CPU
		{53797308-9AA9-4E77-AAB2-4BC07AEE9E52}.Debug|Any CPU.Build.0 = Debug|Any CPU
		{53797308-9AA9-4E77-AAB2-4BC07AEE9E52}.Debug|x64.ActiveCfg = Debug|Any CPU
		{53797308-9AA9-4E77-AAB2-4BC07AEE9E52}.Debug|x64.Build.0 = Debug|Any CPU
		{53797308-9AA9-4E77-AAB2-4BC07AEE9E52}.Debug|x86.ActiveCfg = Debug|Any CPU
		{53797308-9AA9-4E77-AAB2-4BC07AEE9E52}.Debug|x86.Build.0 = Debug|Any CPU
		{53797308-9AA9-4E77-AAB2-4BC07AEE9E52}.Release|Any CPU.ActiveCfg = Release|Any CPU
		{53797308-9AA9-4E77-AAB2-4BC07AEE9E52}.Release|Any CPU.Build.0 = Release|Any CPU
		{53797308-9AA9-4E77-AAB2-4BC07AEE9E52}.Release|x64.ActiveCfg = Release|Any CPU
		{53797308-9AA9-4E77-AAB2-4BC07AEE9E52}.Release|x64.Build.0 = Release|Any CPU
		{53797308-9AA9-4E77-AAB2-4BC07AEE9E52}.Release|x86.ActiveCfg = Release|Any CPU
		{53797308-9AA9-4E77-AAB2-4BC07AEE9E52}.Release|x86.Build.0 = Release|Any CPU
		{6ED21BA2-6D94-4CA4-94AE-E365193D7BD6}.Debug|Any CPU.ActiveCfg = Debug|Any CPU
		{6ED21BA2-6D94-4CA4-94AE-E365193D7BD6}.Debug|Any CPU.Build.0 = Debug|Any CPU
		{6ED21BA2-6D94-4CA4-94AE-E365193D7BD6}.Debug|x64.ActiveCfg = Debug|Any CPU
		{6ED21BA2-6D94-4CA4-94AE-E365193D7BD6}.Debug|x64.Build.0 = Debug|Any CPU
		{6ED21BA2-6D94-4CA4-94AE-E365193D7BD6}.Debug|x86.ActiveCfg = Debug|Any CPU
		{6ED21BA2-6D94-4CA4-94AE-E365193D7BD6}.Debug|x86.Build.0 = Debug|Any CPU
		{6ED21BA2-6D94-4CA4-94AE-E365193D7BD6}.Release|Any CPU.ActiveCfg = Release|Any CPU
		{6ED21BA2-6D94-4CA4-94AE-E365193D7BD6}.Release|Any CPU.Build.0 = Release|Any CPU
		{6ED21BA2-6D94-4CA4-94AE-E365193D7BD6}.Release|x64.ActiveCfg = Release|Any CPU
		{6ED21BA2-6D94-4CA4-94AE-E365193D7BD6}.Release|x64.Build.0 = Release|Any CPU
		{6ED21BA2-6D94-4CA4-94AE-E365193D7BD6}.Release|x86.ActiveCfg = Release|Any CPU
		{6ED21BA2-6D94-4CA4-94AE-E365193D7BD6}.Release|x86.Build.0 = Release|Any CPU
	EndGlobalSection
	GlobalSection(SolutionProperties) = preSolution
		HideSolutionNode = FALSE
	EndGlobalSection
	GlobalSection(NestedProjects) = preSolution
		{27F353C5-03DE-46A9-A3D6-6F715B8F0E56} = {827E0CD3-B72D-47B6-A68D-7590B98EB39B}
		{8ABFA312-091A-41E2-9D9F-1951E19CD696} = {827E0CD3-B72D-47B6-A68D-7590B98EB39B}
		{D0ECE62E-52F3-41A2-9774-62E0501C2BEA} = {827E0CD3-B72D-47B6-A68D-7590B98EB39B}
		{5D7BFA3D-AE48-442B-87D9-FDFD7589DA1C} = {827E0CD3-B72D-47B6-A68D-7590B98EB39B}
		{B904BE23-6FE0-4003-BAB1-86523571656A} = {827E0CD3-B72D-47B6-A68D-7590B98EB39B}
		{04FC4EAE-8B42-4F59-BC6E-4BDD0FD58852} = {827E0CD3-B72D-47B6-A68D-7590B98EB39B}
		{F0B160EF-5CC7-477C-A115-F386667FD579} = {827E0CD3-B72D-47B6-A68D-7590B98EB39B}
		{28C23CAB-F20D-4041-8465-37C08E04EF42} = {827E0CD3-B72D-47B6-A68D-7590B98EB39B}
		{53797308-9AA9-4E77-AAB2-4BC07AEE9E52} = {827E0CD3-B72D-47B6-A68D-7590B98EB39B}
		{6ED21BA2-6D94-4CA4-94AE-E365193D7BD6} = {827E0CD3-B72D-47B6-A68D-7590B98EB39B}
	EndGlobalSection
EndGlobal
